<?xml version="1.0" encoding="utf-8"?>
<Project ToolsVersion="4.0" xmlns="http://schemas.microsoft.com/developer/msbuild/2003">
  <ItemGroup>
    <ClCompile Include="..\source\fiber_tasking_lib\task_scheduler.cpp" />
    <ClCompile Include="..\source\fiber_tasking_lib\read_write_lock.cpp" />
    <ClCompile Include="..\source\fiber_tasking_lib\basic_linear_allocator.cpp" />
    <ClCompile Include="..\source\fiber_tasking_lib\tagged_heap_backed_linear_allocator.cpp" />
    <ClCompile Include="..\source\fiber_tasking_lib\tagged_heap.cpp" />
    <ClCompile Include="..\libs\EASTL\src\allocator.cpp">
      <Filter>libs\EASTL\src</Filter>
    </ClCompile>
    <ClCompile Include="..\libs\EASTL\src\assert.cpp">
      <Filter>libs\EASTL\src</Filter>
    </ClCompile>
    <ClCompile Include="..\libs\EASTL\src\fixed_pool.cpp">
      <Filter>libs\EASTL\src</Filter>
    </ClCompile>
    <ClCompile Include="..\libs\EASTL\src\hashtable.cpp">
      <Filter>libs\EASTL\src</Filter>
    </ClCompile>
    <ClCompile Include="..\libs\EASTL\src\red_black_tree.cpp">
      <Filter>libs\EASTL\src</Filter>
    </ClCompile>
    <ClCompile Include="..\libs\EASTL\src\string.cpp">
      <Filter>libs\EASTL\src</Filter>
    </ClCompile>
  </ItemGroup>
  <ItemGroup>
    <ClInclude Include="..\source\fiber_tasking_lib\task_scheduler.h" />
    <ClInclude Include="..\source\fiber_tasking_lib\typedefs.h" />
    <ClInclude Include="..\libs\concurrentqueue\blockingconcurrentqueue.h">
      <Filter>libs\concurrentqueue</Filter>
    </ClInclude>
    <ClInclude Include="..\libs\concurrentqueue\concurrentqueue.h">
      <Filter>libs\concurrentqueue</Filter>
    </ClInclude>
    <ClInclude Include="..\source\fiber_tasking_lib\global_args.h" />
    <ClInclude Include="..\source\fiber_tasking_lib\read_write_lock.h" />
    <ClInclude Include="..\source\fiber_tasking_lib\tagged_heap_backed_linear_allocator.h" />
    <ClInclude Include="..\source\fiber_tasking_lib\tagged_heap.h" />
    <ClInclude Include="..\source\fiber_tasking_lib\basic_linear_allocator.h" />
    <ClInclude Include="..\libs\EASTL\include\EASTL\algorithm.h">
      <Filter>libs\EASTL\include\EASTL</Filter>
    </ClInclude>
    <ClInclude Include="..\libs\EASTL\include\EASTL\allocator.h">
      <Filter>libs\EASTL\include\EASTL</Filter>
    </ClInclude>
    <ClInclude Include="..\libs\EASTL\include\EASTL\bitset.h">
      <Filter>libs\EASTL\include\EASTL</Filter>
    </ClInclude>
    <ClInclude Include="..\libs\EASTL\include\EASTL\core_allocator_adapter.h">
      <Filter>libs\EASTL\include\EASTL</Filter>
    </ClInclude>
    <ClInclude Include="..\libs\EASTL\include\EASTL\fixed_allocator.h">
      <Filter>libs\EASTL\include\EASTL</Filter>
    </ClInclude>
    <ClInclude Include="..\libs\EASTL\include\EASTL\fixed_hash_map.h">
      <Filter>libs\EASTL\include\EASTL</Filter>
    </ClInclude>
    <ClInclude Include="..\libs\EASTL\include\EASTL\fixed_hash_set.h">
      <Filter>libs\EASTL\include\EASTL</Filter>
    </ClInclude>
    <ClInclude Include="..\libs\EASTL\include\EASTL\fixed_list.h">
      <Filter>libs\EASTL\include\EASTL</Filter>
    </ClInclude>
    <ClInclude Include="..\libs\EASTL\include\EASTL\fixed_map.h">
      <Filter>libs\EASTL\include\EASTL</Filter>
    </ClInclude>
    <ClInclude Include="..\libs\EASTL\include\EASTL\fixed_set.h">
      <Filter>libs\EASTL\include\EASTL</Filter>
    </ClInclude>
    <ClInclude Include="..\libs\EASTL\include\EASTL\fixed_string.h">
      <Filter>libs\EASTL\include\EASTL</Filter>
    </ClInclude>
    <ClInclude Include="..\libs\EASTL\include\EASTL\fixed_substring.h">
      <Filter>libs\EASTL\include\EASTL</Filter>
    </ClInclude>
    <ClInclude Include="..\libs\EASTL\include\EASTL\fixed_vector.h">
      <Filter>libs\EASTL\include\EASTL</Filter>
    </ClInclude>
    <ClInclude Include="..\libs\EASTL\include\EASTL\functional.h">
      <Filter>libs\EASTL\include\EASTL</Filter>
    </ClInclude>
    <ClInclude Include="..\libs\EASTL\include\EASTL\hash_map.h">
      <Filter>libs\EASTL\include\EASTL</Filter>
    </ClInclude>
    <ClInclude Include="..\libs\EASTL\include\EASTL\hash_set.h">
      <Filter>libs\EASTL\include\EASTL</Filter>
    </ClInclude>
    <ClInclude Include="..\libs\EASTL\include\EASTL\heap.h">
      <Filter>libs\EASTL\include\EASTL</Filter>
    </ClInclude>
    <ClInclude Include="..\libs\EASTL\include\EASTL\iterator.h">
      <Filter>libs\EASTL\include\EASTL</Filter>
    </ClInclude>
    <ClInclude Include="..\libs\EASTL\include\EASTL\list.h">
      <Filter>libs\EASTL\include\EASTL</Filter>
    </ClInclude>
    <ClInclude Include="..\libs\EASTL\include\EASTL\map.h">
      <Filter>libs\EASTL\include\EASTL</Filter>
    </ClInclude>
    <ClInclude Include="..\libs\EASTL\include\EASTL\memory.h">
      <Filter>libs\EASTL\include\EASTL</Filter>
    </ClInclude>
    <ClInclude Include="..\libs\EASTL\include\EASTL\set.h">
      <Filter>libs\EASTL\include\EASTL</Filter>
    </ClInclude>
    <ClInclude Include="..\libs\EASTL\include\EASTL\sort.h">
      <Filter>libs\EASTL\include\EASTL</Filter>
    </ClInclude>
    <ClInclude Include="..\libs\EASTL\include\EASTL\string.h">
      <Filter>libs\EASTL\include\EASTL</Filter>
    </ClInclude>
    <ClInclude Include="..\libs\EASTL\include\EASTL\type_traits.h">
      <Filter>libs\EASTL\include\EASTL</Filter>
    </ClInclude>
    <ClInclude Include="..\libs\EASTL\include\EASTL\utility.h">
      <Filter>libs\EASTL\include\EASTL</Filter>
    </ClInclude>
    <ClInclude Include="..\libs\EASTL\include\EASTL\vector.h">
      <Filter>libs\EASTL\include\EASTL</Filter>
    </ClInclude>
    <ClInclude Include="..\libs\EASTL\include\EASTL\vector_map.h">
      <Filter>libs\EASTL\include\EASTL</Filter>
    </ClInclude>
    <ClInclude Include="..\libs\EASTL\include\EASTL\bonus\sort_extra.h">
      <Filter>libs\EASTL\include\EASTL\bonus</Filter>
    </ClInclude>
    <ClInclude Include="..\libs\EASTL\include\EASTL\internal\config.h">
      <Filter>libs\EASTL\include\EASTL\internal</Filter>
    </ClInclude>
    <ClInclude Include="..\libs\EASTL\include\EASTL\internal\eastl_rw.h">
      <Filter>libs\EASTL\include\EASTL\internal</Filter>
    </ClInclude>
    <ClInclude Include="..\libs\EASTL\include\EASTL\internal\fixed_pool.h">
      <Filter>libs\EASTL\include\EASTL\internal</Filter>
    </ClInclude>
    <ClInclude Include="..\libs\EASTL\include\EASTL\internal\generic_iterator.h">
      <Filter>libs\EASTL\include\EASTL\internal</Filter>
    </ClInclude>
    <ClInclude Include="..\libs\EASTL\include\EASTL\internal\hashtable.h">
      <Filter>libs\EASTL\include\EASTL\internal</Filter>
    </ClInclude>
    <ClInclude Include="..\libs\EASTL\include\EASTL\internal\red_black_tree.h">
      <Filter>libs\EASTL\include\EASTL\internal</Filter>
    </ClInclude>
    <ClInclude Include="..\libs\EASTL\include\EASTL\internal\type_compound.h">
      <Filter>libs\EASTL\include\EASTL\internal</Filter>
    </ClInclude>
    <ClInclude Include="..\libs\EASTL\include\EASTL\internal\type_fundamental.h">
      <Filter>libs\EASTL\include\EASTL\internal</Filter>
    </ClInclude>
    <ClInclude Include="..\libs\EASTL\include\EASTL\internal\type_pod.h">
      <Filter>libs\EASTL\include\EASTL\internal</Filter>
    </ClInclude>
    <ClInclude Include="..\libs\EASTL\include\EASTL\internal\type_properties.h">
      <Filter>libs\EASTL\include\EASTL\internal</Filter>
    </ClInclude>
    <ClInclude Include="..\libs\EASTL\include\EASTL\internal\type_transformations.h">
      <Filter>libs\EASTL\include\EASTL\internal</Filter>
    </ClInclude>
    <ClInclude Include="..\libs\EASTL\include\EABase\eabase.h">
      <Filter>libs\EASTL\include\EABase</Filter>
    </ClInclude>
    <ClInclude Include="..\libs\EASTL\include\EABase\earesult.h">
      <Filter>libs\EASTL\include\EABase</Filter>
    </ClInclude>
    <ClInclude Include="..\libs\EASTL\include\EABase\config\eacompiler.h">
      <Filter>libs\EASTL\include\EABase\config</Filter>
    </ClInclude>
    <ClInclude Include="..\libs\EASTL\include\EABase\config\eacompilertraits.h">
      <Filter>libs\EASTL\include\EABase\config</Filter>
    </ClInclude>
    <ClInclude Include="..\libs\EASTL\include\EABase\config\eaplatform.h">
      <Filter>libs\EASTL\include\EABase\config</Filter>
    </ClInclude>
    <ClInclude Include="..\source\fiber_tasking_lib\fiber_abstraction.h" />
    <ClInclude Include="..\source\fiber_tasking_lib\memory.h" />
    <ClInclude Include="..\source\fiber_tasking_lib\portability.h" />
    <ClInclude Include="..\source\fiber_tasking_lib\thread_abstraction.h" />
  </ItemGroup>
  <ItemGroup>
    <Filter Include="libs">
      <UniqueIdentifier>{9f53360c-d3fb-4687-9deb-6a1ee04d861f}</UniqueIdentifier>
    </Filter>
    <Filter Include="libs\concurrentqueue">
      <UniqueIdentifier>{cd75f4f6-5d8d-4788-89b1-1a7aaa31011e}</UniqueIdentifier>
    </Filter>
    <Filter Include="libs\EASTL">
      <UniqueIdentifier>{3af796b6-be5b-43ee-aa79-068f3570318b}</UniqueIdentifier>
    </Filter>
    <Filter Include="libs\EASTL\include">
      <UniqueIdentifier>{3cdb1195-9428-4700-b287-87d453a63c30}</UniqueIdentifier>
    </Filter>
    <Filter Include="libs\EASTL\src">
      <UniqueIdentifier>{827c7914-5739-46af-80c7-42bbd801c753}</UniqueIdentifier>
    </Filter>
    <Filter Include="libs\EASTL\include\EASTL">
      <UniqueIdentifier>{b7031c65-2e78-4a05-afcf-0964c388e018}</UniqueIdentifier>
    </Filter>
    <Filter Include="libs\EASTL\include\EABase">
      <UniqueIdentifier>{ee2deca2-72e2-4527-9459-902a616454b4}</UniqueIdentifier>
    </Filter>
    <Filter Include="libs\EASTL\include\EASTL\bonus">
      <UniqueIdentifier>{8d78a93e-1755-4c9b-96c4-4c9c89cc3ce6}</UniqueIdentifier>
    </Filter>
    <Filter Include="libs\EASTL\include\EASTL\internal">
      <UniqueIdentifier>{c5689ee4-61e9-490a-8413-cec71f7845c7}</UniqueIdentifier>
    </Filter>
    <Filter Include="libs\EASTL\include\EABase\config">
      <UniqueIdentifier>{74620a90-1310-44dc-918d-892c13dd4ee3}</UniqueIdentifier>
    </Filter>
  </ItemGroup>
</Project>