<?xml version="1.0" encoding="utf-8"?>
<Project ToolsVersion="4.0" xmlns="http://schemas.microsoft.com/developer/msbuild/2003">
  <ItemGroup>
    <ClCompile Include="..\test\main.cpp" />
    <ClCompile Include="..\test\eastl_defaults.cpp">
      <Filter>Common</Filter>
    </ClCompile>
    <ClCompile Include="..\test\calc_triangle_num.cpp">
      <Filter>CalcTriangleNum</Filter>
    </ClCompile>
    <ClCompile Include="..\test\producer_consumer.cpp">
      <Filter>ProducerConsumer</Filter>
    </ClCompile>
    <ClCompile Include="..\test\maze.cpp">
      <Filter>Maze</Filter>
    </ClCompile>
  </ItemGroup>
  <ItemGroup>
    <Filter Include="Common">
      <UniqueIdentifier>{4efa05ef-4b3b-463c-9071-a4e72387cc14}</UniqueIdentifier>
    </Filter>
    <Filter Include="CalcTriangleNum">
      <UniqueIdentifier>{78562403-ced7-4c54-88f3-76684956f389}</UniqueIdentifier>
    </Filter>
    <Filter Include="ProducerConsumer">
      <UniqueIdentifier>{02770757-a31f-4531-8d98-25b888cebedc}</UniqueIdentifier>
    </Filter>
    <Filter Include="Maze">
      <UniqueIdentifier>{9868d855-abaf-4c46-bdc5-329697ad67f9}</UniqueIdentifier>
    </Filter>
  </ItemGroup>
  <ItemGroup>
    <ClInclude Include="..\test\maze10x10.h">
      <Filter>Maze</Filter>
    </ClInclude>
  </ItemGroup>
</Project>